
Microsoft Visual Studio Solution File, Format Version 12.00
# Visual Studio 15
VisualStudioVersion = 15.0.26730.8
MinimumVisualStudioVersion = 10.0.40219.1
Project("{FAE04EC0-301F-11D3-BF4B-00C04F79EFBC}") = "Connect to DB", "Connect to DB\Connect to DB.csproj", "{F043D177-750E-47B8-9EE6-CA120DE5AEC9}"
EndProject
Global
	GlobalSection(SolutionConfigurationPlatforms) = preSolution
		Debug|Any CPU = Debug|Any CPU
		Release|Any CPU = Release|Any CPU
	EndGlobalSection
	GlobalSection(ProjectConfigurationPlatforms) = postSolution
		{F043D177-750E-47B8-9EE6-CA120DE5AEC9}.Debug|Any CPU.ActiveCfg = Debug|Any CPU
		{F043D177-750E-47B8-9EE6-CA120DE5AEC9}.Debug|Any CPU.Build.0 = Debug|Any CPU
		{F043D177-750E-47B8-9EE6-CA120DE5AEC9}.Release|Any CPU.ActiveCfg = Release|Any CPU
		{F043D177-750E-47B8-9EE6-CA120DE5AEC9}.Release|Any CPU.Build.0 = Release|Any CPU
	EndGlobalSection
	GlobalSection(SolutionProperties) = preSolution
		HideSolutionNode = FALSE
	EndGlobalSection
	GlobalSection(ExtensibilityGlobals) = postSolution
		SolutionGuid = {3F22E506-0928-45EC-AE1B-66ADA22247CF}
	EndGlobalSection
EndGlobal
