
Microsoft Visual Studio Solution File, Format Version 12.00
# Visual Studio 15
VisualStudioVersion = 15.0.26730.8
MinimumVisualStudioVersion = 10.0.40219.1
Project("{FAE04EC0-301F-11D3-BF4B-00C04F79EFBC}") = "FTP_ServerCSharp", "FTP_ServerCSharp\FTP_ServerCSharp.csproj", "{0854D3DF-9208-4854-B83A-0BE681CC9DB5}"
EndProject
Global
	GlobalSection(SolutionConfigurationPlatforms) = preSolution
		Debug|Any CPU = Debug|Any CPU
		Release|Any CPU = Release|Any CPU
	EndGlobalSection
	GlobalSection(ProjectConfigurationPlatforms) = postSolution
		{0854D3DF-9208-4854-B83A-0BE681CC9DB5}.Debug|Any CPU.ActiveCfg = Debug|Any CPU
		{0854D3DF-9208-4854-B83A-0BE681CC9DB5}.Debug|Any CPU.Build.0 = Debug|Any CPU
		{0854D3DF-9208-4854-B83A-0BE681CC9DB5}.Release|Any CPU.ActiveCfg = Release|Any CPU
		{0854D3DF-9208-4854-B83A-0BE681CC9DB5}.Release|Any CPU.Build.0 = Release|Any CPU
	EndGlobalSection
	GlobalSection(SolutionProperties) = preSolution
		HideSolutionNode = FALSE
	EndGlobalSection
	GlobalSection(ExtensibilityGlobals) = postSolution
		SolutionGuid = {38F5A99D-A912-4B90-800A-3ED75E8399DA}
	EndGlobalSection
EndGlobal
