
Microsoft Visual Studio Solution File, Format Version 12.00
# Visual Studio 15
VisualStudioVersion = 15.0.26730.8
MinimumVisualStudioVersion = 10.0.40219.1
Project("{FAE04EC0-301F-11D3-BF4B-00C04F79EFBC}") = "MusicDatabase", "MusicDatabase\MusicDatabase.csproj", "{AD4D660A-3D15-4572-BD7E-26C5E597E6FE}"
EndProject
Global
	GlobalSection(SolutionConfigurationPlatforms) = preSolution
		Debug|Any CPU = Debug|Any CPU
		Release|Any CPU = Release|Any CPU
	EndGlobalSection
	GlobalSection(ProjectConfigurationPlatforms) = postSolution
		{AD4D660A-3D15-4572-BD7E-26C5E597E6FE}.Debug|Any CPU.ActiveCfg = Debug|Any CPU
		{AD4D660A-3D15-4572-BD7E-26C5E597E6FE}.Debug|Any CPU.Build.0 = Debug|Any CPU
		{AD4D660A-3D15-4572-BD7E-26C5E597E6FE}.Release|Any CPU.ActiveCfg = Release|Any CPU
		{AD4D660A-3D15-4572-BD7E-26C5E597E6FE}.Release|Any CPU.Build.0 = Release|Any CPU
	EndGlobalSection
	GlobalSection(SolutionProperties) = preSolution
		HideSolutionNode = FALSE
	EndGlobalSection
	GlobalSection(ExtensibilityGlobals) = postSolution
		SolutionGuid = {56AB9E96-6EEE-4F21-9CBB-50F64A60720F}
	EndGlobalSection
EndGlobal
