
Microsoft Visual Studio Solution File, Format Version 12.00
# Visual Studio 14
VisualStudioVersion = 14.0.25420.1
MinimumVisualStudioVersion = 10.0.40219.1
Project("{FAE04EC0-301F-11D3-BF4B-00C04F79EFBC}") = "Paint_clone_2PL3", "Paint_clone_2PL3\Paint_clone_2PL3.csproj", "{5FC4C648-042A-4A89-AB7D-4BB1551AA12E}"
EndProject
Global
	GlobalSection(SolutionConfigurationPlatforms) = preSolution
		Debug|Any CPU = Debug|Any CPU
		Release|Any CPU = Release|Any CPU
	EndGlobalSection
	GlobalSection(ProjectConfigurationPlatforms) = postSolution
		{5FC4C648-042A-4A89-AB7D-4BB1551AA12E}.Debug|Any CPU.ActiveCfg = Debug|Any CPU
		{5FC4C648-042A-4A89-AB7D-4BB1551AA12E}.Debug|Any CPU.Build.0 = Debug|Any CPU
		{5FC4C648-042A-4A89-AB7D-4BB1551AA12E}.Release|Any CPU.ActiveCfg = Release|Any CPU
		{5FC4C648-042A-4A89-AB7D-4BB1551AA12E}.Release|Any CPU.Build.0 = Release|Any CPU
	EndGlobalSection
	GlobalSection(SolutionProperties) = preSolution
		HideSolutionNode = FALSE
	EndGlobalSection
EndGlobal
